Microsoft Visual Studio Solution File, Format Version 12.00
# Visual Studio 14
VisualStudioVersion = 14.0.25420.1
MinimumVisualStudioVersion = 10.0.40219.1
Project("{2150E333-8FDC-42A3-9474-1A3956D46DE8}") = "_Solution Items", "_Solution Items", "{0A971CAF-57CD-4AB8-A0F3-10F902DDFD61}"
	ProjectSection(SolutionItems) = preProject
		..\..\..\svn.CommServer\CommServer.ProtocolHub\CommServer.ProtocolHub\ProtocolHub.ConfiguartionEditor\App.config = ..\..\..\svn.CommServer\CommServer.ProtocolHub\CommServer.ProtocolHub\ProtocolHub.ConfiguartionEditor\App.config
		Problems.txt = Problems.txt
		ReleaseNotes.txt = ReleaseNotes.txt
	EndProjectSection
EndProject
Project("{FAE04EC0-301F-11D3-BF4B-00C04F79EFBC}") = "Server.NETServer", "Server.NETServer\Server.NETServer.csproj", "{D8A99DED-6ED6-45FE-B245-7CC5050DA1FE}"
EndProject
Project("{FAE04EC0-301F-11D3-BF4B-00C04F79EFBC}") = "CR.Scripts", "Scripts\CR.Scripts.csproj", "{E1FC0810-38EB-4EFF-A015-BEAF031DD987}"
EndProject
Project("{54435603-DBB4-11D2-8724-00A0C9A8B90C}") = "Server.Setup", "Server.Setup\CommServerSetup.vdproj", "{2757B4E5-F34F-44A1-ACA1-84AB8E03A68C}"
EndProject
Project("{FAE04EC0-301F-11D3-BF4B-00C04F79EFBC}") = "T4Definitions", "..\PR39-CommonResources\T4Definitions\T4Definitions.csproj", "{D506423B-BA21-49E6-8C3B-88A771CA444E}"
EndProject
Project("{FAE04EC0-301F-11D3-BF4B-00C04F79EFBC}") = "Server.NETServerUnitTest", "Server.NETServerUnitTest\Server.NETServerUnitTest.csproj", "{A82C8C02-685E-41AA-A0BD-B06D794E608D}"
EndProject
Project("{FAE04EC0-301F-11D3-BF4B-00C04F79EFBC}") = "Server.ProductInstaller", "Server.Installer\Server.ProductInstaller.csproj", "{2B44C12A-0EBA-4147-9D2C-DCCEA11F69A7}"
EndProject
Project("{FAE04EC0-301F-11D3-BF4B-00C04F79EFBC}") = "Server.ProductInstaller.UnitTest", "Server.ProductInstaller.UnitTest\Server.ProductInstaller.UnitTest.csproj", "{73CFB896-FEFA-4625-A702-482DF100BF99}"
EndProject
Project("{FAE04EC0-301F-11D3-BF4B-00C04F79EFBC}") = "Server.ConfigTooll", "Server.ConfigTool\Server.ConfigTooll.csproj", "{1078E0D1-B433-4D0D-A9E6-02A5F542A078}"
EndProject
Project("{FAE04EC0-301F-11D3-BF4B-00C04F79EFBC}") = "Server.ConfigToollUnitTest", "Server.ConfigToollUnitTest\Server.ConfigToollUnitTest.csproj", "{7DA43629-5C8C-4933-9FEB-2E7F9C1CF90F}"
EndProject
Project("{FAE04EC0-301F-11D3-BF4B-00C04F79EFBC}") = "Server.ConfigurationEditor", "Server.ConfigurationEditor\Server.ConfigurationEditor.csproj", "{119377EF-F1F4-40D6-BA06-30F0235C1227}"
EndProject
Project("{FAE04EC0-301F-11D3-BF4B-00C04F79EFBC}") = "Server.Monitor", "Server.Monitor\Server.Monitor.csproj", "{5079ED73-1740-463B-B7D4-EE84941FA76E}"
EndProject
Global
	GlobalSection(SolutionConfigurationPlatforms) = preSolution
		Debug|Any CPU = Debug|Any CPU
		Debug|x64 = Debug|x64
		Release|Any CPU = Release|Any CPU
		Release|x64 = Release|x64
	EndGlobalSection
	GlobalSection(ProjectConfigurationPlatforms) = postSolution
		{D8A99DED-6ED6-45FE-B245-7CC5050DA1FE}.Debug|Any CPU.ActiveCfg = Debug|Any CPU
		{D8A99DED-6ED6-45FE-B245-7CC5050DA1FE}.Debug|Any CPU.Build.0 = Debug|Any CPU
		{D8A99DED-6ED6-45FE-B245-7CC5050DA1FE}.Debug|x64.ActiveCfg = Debug|x64
		{D8A99DED-6ED6-45FE-B245-7CC5050DA1FE}.Debug|x64.Build.0 = Debug|x64
		{D8A99DED-6ED6-45FE-B245-7CC5050DA1FE}.Release|Any CPU.ActiveCfg = Release|Any CPU
		{D8A99DED-6ED6-45FE-B245-7CC5050DA1FE}.Release|Any CPU.Build.0 = Release|Any CPU
		{D8A99DED-6ED6-45FE-B245-7CC5050DA1FE}.Release|x64.ActiveCfg = Release|x64
		{D8A99DED-6ED6-45FE-B245-7CC5050DA1FE}.Release|x64.Build.0 = Release|x64
		{E1FC0810-38EB-4EFF-A015-BEAF031DD987}.Debug|Any CPU.ActiveCfg = Debug|Any CPU
		{E1FC0810-38EB-4EFF-A015-BEAF031DD987}.Debug|x64.ActiveCfg = Debug|x64
		{E1FC0810-38EB-4EFF-A015-BEAF031DD987}.Release|Any CPU.ActiveCfg = Release|Any CPU
		{E1FC0810-38EB-4EFF-A015-BEAF031DD987}.Release|x64.ActiveCfg = Release|x64
		{2757B4E5-F34F-44A1-ACA1-84AB8E03A68C}.Debug|Any CPU.ActiveCfg = Debug
		{2757B4E5-F34F-44A1-ACA1-84AB8E03A68C}.Debug|x64.ActiveCfg = Debug
		{2757B4E5-F34F-44A1-ACA1-84AB8E03A68C}.Debug|x64.Build.0 = Debug
		{2757B4E5-F34F-44A1-ACA1-84AB8E03A68C}.Release|Any CPU.ActiveCfg = Release
		{2757B4E5-F34F-44A1-ACA1-84AB8E03A68C}.Release|x64.ActiveCfg = Release
		{2757B4E5-F34F-44A1-ACA1-84AB8E03A68C}.Release|x64.Build.0 = Release
		{D506423B-BA21-49E6-8C3B-88A771CA444E}.Debug|Any CPU.ActiveCfg = Debug|Any CPU
		{D506423B-BA21-49E6-8C3B-88A771CA444E}.Debug|x64.ActiveCfg = Debug|Any CPU
		{D506423B-BA21-49E6-8C3B-88A771CA444E}.Debug|x64.Build.0 = Debug|Any CPU
		{D506423B-BA21-49E6-8C3B-88A771CA444E}.Release|Any CPU.ActiveCfg = Release|Any CPU
		{D506423B-BA21-49E6-8C3B-88A771CA444E}.Release|x64.ActiveCfg = Release|Any CPU
		{D506423B-BA21-49E6-8C3B-88A771CA444E}.Release|x64.Build.0 = Release|Any CPU
		{A82C8C02-685E-41AA-A0BD-B06D794E608D}.Debug|Any CPU.ActiveCfg = Debug|Any CPU
		{A82C8C02-685E-41AA-A0BD-B06D794E608D}.Debug|Any CPU.Build.0 = Debug|Any CPU
		{A82C8C02-685E-41AA-A0BD-B06D794E608D}.Debug|x64.ActiveCfg = Debug|x64
		{A82C8C02-685E-41AA-A0BD-B06D794E608D}.Debug|x64.Build.0 = Debug|x64
		{A82C8C02-685E-41AA-A0BD-B06D794E608D}.Release|Any CPU.ActiveCfg = Release|Any CPU
		{A82C8C02-685E-41AA-A0BD-B06D794E608D}.Release|Any CPU.Build.0 = Release|Any CPU
		{A82C8C02-685E-41AA-A0BD-B06D794E608D}.Release|x64.ActiveCfg = Release|Any CPU
		{A82C8C02-685E-41AA-A0BD-B06D794E608D}.Release|x64.Build.0 = Release|Any CPU
		{2B44C12A-0EBA-4147-9D2C-DCCEA11F69A7}.Debug|Any CPU.ActiveCfg = Debug|Any CPU
		{2B44C12A-0EBA-4147-9D2C-DCCEA11F69A7}.Debug|Any CPU.Build.0 = Debug|Any CPU
		{2B44C12A-0EBA-4147-9D2C-DCCEA11F69A7}.Debug|x64.ActiveCfg = Debug|Any CPU
		{2B44C12A-0EBA-4147-9D2C-DCCEA11F69A7}.Debug|x64.Build.0 = Debug|Any CPU
		{2B44C12A-0EBA-4147-9D2C-DCCEA11F69A7}.Release|Any CPU.ActiveCfg = Release|Any CPU
		{2B44C12A-0EBA-4147-9D2C-DCCEA11F69A7}.Release|Any CPU.Build.0 = Release|Any CPU
		{2B44C12A-0EBA-4147-9D2C-DCCEA11F69A7}.Release|x64.ActiveCfg = Release|Any CPU
		{2B44C12A-0EBA-4147-9D2C-DCCEA11F69A7}.Release|x64.Build.0 = Release|Any CPU
		{73CFB896-FEFA-4625-A702-482DF100BF99}.Debug|Any CPU.ActiveCfg = Debug|Any CPU
		{73CFB896-FEFA-4625-A702-482DF100BF99}.Debug|Any CPU.Build.0 = Debug|Any CPU
		{73CFB896-FEFA-4625-A702-482DF100BF99}.Debug|x64.ActiveCfg = Debug|Any CPU
		{73CFB896-FEFA-4625-A702-482DF100BF99}.Debug|x64.Build.0 = Debug|Any CPU
		{73CFB896-FEFA-4625-A702-482DF100BF99}.Release|Any CPU.ActiveCfg = Release|Any CPU
		{73CFB896-FEFA-4625-A702-482DF100BF99}.Release|Any CPU.Build.0 = Release|Any CPU
		{73CFB896-FEFA-4625-A702-482DF100BF99}.Release|x64.ActiveCfg = Release|Any CPU
		{73CFB896-FEFA-4625-A702-482DF100BF99}.Release|x64.Build.0 = Release|Any CPU
		{1078E0D1-B433-4D0D-A9E6-02A5F542A078}.Debug|Any CPU.ActiveCfg = Debug|Any CPU
		{1078E0D1-B433-4D0D-A9E6-02A5F542A078}.Debug|Any CPU.Build.0 = Debug|Any CPU
		{1078E0D1-B433-4D0D-A9E6-02A5F542A078}.Debug|x64.ActiveCfg = Debug|Any CPU
		{1078E0D1-B433-4D0D-A9E6-02A5F542A078}.Debug|x64.Build.0 = Debug|Any CPU
		{1078E0D1-B433-4D0D-A9E6-02A5F542A078}.Release|Any CPU.ActiveCfg = Release|Any CPU
		{1078E0D1-B433-4D0D-A9E6-02A5F542A078}.Release|Any CPU.Build.0 = Release|Any CPU
		{1078E0D1-B433-4D0D-A9E6-02A5F542A078}.Release|x64.ActiveCfg = Release|Any CPU
		{1078E0D1-B433-4D0D-A9E6-02A5F542A078}.Release|x64.Build.0 = Release|Any CPU
		{7DA43629-5C8C-4933-9FEB-2E7F9C1CF90F}.Debug|Any CPU.ActiveCfg = Debug|Any CPU
		{7DA43629-5C8C-4933-9FEB-2E7F9C1CF90F}.Debug|Any CPU.Build.0 = Debug|Any CPU
		{7DA43629-5C8C-4933-9FEB-2E7F9C1CF90F}.Debug|x64.ActiveCfg = Debug|Any CPU
		{7DA43629-5C8C-4933-9FEB-2E7F9C1CF90F}.Debug|x64.Build.0 = Debug|Any CPU
		{7DA43629-5C8C-4933-9FEB-2E7F9C1CF90F}.Release|Any CPU.ActiveCfg = Release|Any CPU
		{7DA43629-5C8C-4933-9FEB-2E7F9C1CF90F}.Release|Any CPU.Build.0 = Release|Any CPU
		{7DA43629-5C8C-4933-9FEB-2E7F9C1CF90F}.Release|x64.ActiveCfg = Release|Any CPU
		{7DA43629-5C8C-4933-9FEB-2E7F9C1CF90F}.Release|x64.Build.0 = Release|Any CPU
		{119377EF-F1F4-40D6-BA06-30F0235C1227}.Debug|Any CPU.ActiveCfg = Debug|Any CPU
		{119377EF-F1F4-40D6-BA06-30F0235C1227}.Debug|Any CPU.Build.0 = Debug|Any CPU
		{119377EF-F1F4-40D6-BA06-30F0235C1227}.Debug|x64.ActiveCfg = Debug|Any CPU
		{119377EF-F1F4-40D6-BA06-30F0235C1227}.Debug|x64.Build.0 = Debug|Any CPU
		{119377EF-F1F4-40D6-BA06-30F0235C1227}.Release|Any CPU.ActiveCfg = Release|Any CPU
		{119377EF-F1F4-40D6-BA06-30F0235C1227}.Release|Any CPU.Build.0 = Release|Any CPU
		{119377EF-F1F4-40D6-BA06-30F0235C1227}.Release|x64.ActiveCfg = Release|Any CPU
		{119377EF-F1F4-40D6-BA06-30F0235C1227}.Release|x64.Build.0 = Release|Any CPU
		{5079ED73-1740-463B-B7D4-EE84941FA76E}.Debug|Any CPU.ActiveCfg = Debug|Any CPU
		{5079ED73-1740-463B-B7D4-EE84941FA76E}.Debug|Any CPU.Build.0 = Debug|Any CPU
		{5079ED73-1740-463B-B7D4-EE84941FA76E}.Debug|x64.ActiveCfg = Debug|Any CPU
		{5079ED73-1740-463B-B7D4-EE84941FA76E}.Debug|x64.Build.0 = Debug|Any CPU
		{5079ED73-1740-463B-B7D4-EE84941FA76E}.Release|Any CPU.ActiveCfg = Release|Any CPU
		{5079ED73-1740-463B-B7D4-EE84941FA76E}.Release|Any CPU.Build.0 = Release|Any CPU
		{5079ED73-1740-463B-B7D4-EE84941FA76E}.Release|x64.ActiveCfg = Release|Any CPU
		{5079ED73-1740-463B-B7D4-EE84941FA76E}.Release|x64.Build.0 = Release|Any CPU
	EndGlobalSection
	GlobalSection(SolutionProperties) = preSolution
		HideSolutionNode = FALSE
	EndGlobalSection
	GlobalSection(NestedProjects) = preSolution
		{E1FC0810-38EB-4EFF-A015-BEAF031DD987} = {0A971CAF-57CD-4AB8-A0F3-10F902DDFD61}
		{D506423B-BA21-49E6-8C3B-88A771CA444E} = {0A971CAF-57CD-4AB8-A0F3-10F902DDFD61}
	EndGlobalSection
EndGlobal
